{
  "version": "3",
  "packages": {
    "specifiers": {
      "jsr:@deno/cache-dir@0.8": "jsr:@deno/cache-dir@0.8.0",
      "jsr:@denosaurs/plug@^1.0.5": "jsr:@denosaurs/plug@1.0.6",
      "jsr:@std/assert@^0.217.0": "jsr:@std/assert@0.217.0",
      "jsr:@std/assert@^0.218.2": "jsr:@std/assert@0.218.2",
      "jsr:@std/assert@^0.221.0": "jsr:@std/assert@0.221.0",
      "jsr:@std/bytes@^0.218.2": "jsr:@std/bytes@0.218.2",
      "jsr:@std/encoding@^0.221.0": "jsr:@std/encoding@0.221.0",
      "jsr:@std/fmt@^0.218.2": "jsr:@std/fmt@0.218.2",
      "jsr:@std/fmt@^0.221.0": "jsr:@std/fmt@0.221.0",
      "jsr:@std/fs@^0.218.2": "jsr:@std/fs@0.218.2",
      "jsr:@std/fs@^0.221.0": "jsr:@std/fs@0.221.0",
      "jsr:@std/io@^0.218.2": "jsr:@std/io@0.218.2",
      "jsr:@std/path@0.217": "jsr:@std/path@0.217.0",
      "jsr:@std/path@^0.218.2": "jsr:@std/path@0.218.2",
      "jsr:@std/path@^0.221.0": "jsr:@std/path@0.221.0",
      "jsr:@webview/webview": "jsr:@webview/webview@0.8.0",
      "npm:@types/node": "npm:@types/node@18.16.19"
    },
    "jsr": {
      "@deno/cache-dir@0.8.0": {
        "integrity": "e87e80a404958f6350d903e6238b72afb92468378b0b32111f7a1e4916ac7fe7",
        "dependencies": [
          "jsr:@std/fmt@^0.218.2",
          "jsr:@std/fs@^0.218.2",
          "jsr:@std/io@^0.218.2",
          "jsr:@std/path@^0.218.2"
        ]
      },
      "@denosaurs/plug@1.0.6": {
        "integrity": "6cf5b9daba7799837b9ffbe89f3450510f588fafef8115ddab1ff0be9cb7c1a7",
        "dependencies": [
          "jsr:@std/encoding@^0.221.0",
          "jsr:@std/fmt@^0.221.0",
          "jsr:@std/fs@^0.221.0",
          "jsr:@std/path@^0.221.0"
        ]
      },
      "@std/assert@0.217.0": {
        "integrity": "c98e279362ca6982d5285c3b89517b757c1e3477ee9f14eb2fdf80a45aaa9642"
      },
      "@std/assert@0.218.2": {
        "integrity": "7f0a5a1a8cf86607cd6c2c030584096e1ffad27fc9271429a8cb48cfbdee5eaf"
      },
      "@std/assert@0.221.0": {
        "integrity": "a5f1aa6e7909dbea271754fd4ab3f4e687aeff4873b4cef9a320af813adb489a"
      },
      "@std/bytes@0.218.2": {
        "integrity": "91fe54b232dcca73856b79a817247f4a651dbb60d51baafafb6408c137241670"
      },
      "@std/encoding@0.221.0": {
        "integrity": "d1dd76ef0dc5d14088411e6dc1dede53bf8308c95d1537df1214c97137208e45"
      },
      "@std/fmt@0.218.2": {
        "integrity": "99526449d2505aa758b6cbef81e7dd471d8b28ec0dcb1491d122b284c548788a"
      },
      "@std/fmt@0.221.0": {
        "integrity": "379fed69bdd9731110f26b9085aeb740606b20428ce6af31ef6bd45ef8efa62a"
      },
      "@std/fs@0.218.2": {
        "integrity": "dd9431453f7282e8c577cc22c9e6d036055a9a980b5549f887d6012969fabcca"
      },
      "@std/fs@0.221.0": {
        "integrity": "028044450299de8ed5a716ade4e6d524399f035513b85913794f4e81f07da286",
        "dependencies": [
          "jsr:@std/assert@^0.221.0",
          "jsr:@std/path@^0.221.0"
        ]
      },
      "@std/io@0.218.2": {
        "integrity": "c64fbfa087b7c9d4d386c5672f291f607d88cb7d44fc299c20c713e345f2785f",
        "dependencies": [
          "jsr:@std/assert@^0.218.2",
          "jsr:@std/bytes@^0.218.2"
        ]
      },
      "@std/path@0.217.0": {
        "integrity": "1217cc25534bca9a2f672d7fe7c6f356e4027df400c0e85c0ef3e4343bc67d11",
        "dependencies": [
          "jsr:@std/assert@^0.217.0"
        ]
      },
      "@std/path@0.218.2": {
        "integrity": "b568fd923d9e53ad76d17c513e7310bda8e755a3e825e6289a0ce536404e2662",
        "dependencies": [
          "jsr:@std/assert@^0.218.2"
        ]
      },
      "@std/path@0.221.0": {
        "integrity": "0a36f6b17314ef653a3a1649740cc8db51b25a133ecfe838f20b79a56ebe0095",
        "dependencies": [
          "jsr:@std/assert@^0.221.0"
        ]
      },
      "@webview/webview@0.8.0": {
        "integrity": "5fc571eac35026e8b5efd2bb6f483c2b4e3925e2244e9a9a66b0bc90bdef4983",
        "dependencies": [
          "jsr:@denosaurs/plug@^1.0.5"
        ]
      }
    },
    "npm": {
      "@types/node@18.16.19": {
        "integrity": "sha512-IXl7o+R9iti9eBW4Wg2hx1xQDig183jj7YLn8F7udNceyfkbn1ZxmzZXuak20gR40D7pIkIY1kYGx5VIGbaHKA==",
        "dependencies": {}
      }
    }
  },
  "redirects": {
    "https://deno.land/x/emit/mod.ts": "https://deno.land/x/emit@0.40.0/mod.ts",
    "https://esm.sh/@supabase/supabase-js@2": "https://esm.sh/@supabase/supabase-js@2.43.4",
    "https://esm.sh/preact": "https://esm.sh/preact@10.22.0",
    "https://esm.sh/preact/hooks": "https://esm.sh/preact@10.22.0/hooks",
    "https://esm.sh/preact/jsx-runtime": "https://esm.sh/preact@10.22.0/jsx-runtime"
  },
  "remote": {
    "https://deno.land/std@0.186.0/_util/asserts.ts": "178dfc49a464aee693a7e285567b3d0b555dc805ff490505a8aae34f9cfb1462",
    "https://deno.land/std@0.186.0/_util/os.ts": "d932f56d41e4f6a6093d56044e29ce637f8dcc43c5a90af43504a889cf1775e3",
    "https://deno.land/std@0.186.0/path/_constants.ts": "e49961f6f4f48039c0dfed3c3f93e963ca3d92791c9d478ac5b43183413136e0",
    "https://deno.land/std@0.186.0/path/_interface.ts": "6471159dfbbc357e03882c2266d21ef9afdb1e4aa771b0545e90db58a0ba314b",
    "https://deno.land/std@0.186.0/path/_util.ts": "d7abb1e0dea065f427b89156e28cdeb32b045870acdf865833ba808a73b576d0",
    "https://deno.land/std@0.186.0/path/common.ts": "ee7505ab01fd22de3963b64e46cff31f40de34f9f8de1fff6a1bd2fe79380000",
    "https://deno.land/std@0.186.0/path/glob.ts": "d479e0a695621c94d3fd7fe7abd4f9499caf32a8de13f25073451c6ef420a4e1",
    "https://deno.land/std@0.186.0/path/mod.ts": "ee161baec5ded6510ee1d1fb6a75a0f5e4b41f3f3301c92c716ecbdf7dae910d",
    "https://deno.land/std@0.186.0/path/posix.ts": "8b7c67ac338714b30c816079303d0285dd24af6b284f7ad63da5b27372a2c94d",
    "https://deno.land/std@0.186.0/path/separator.ts": "0fb679739d0d1d7bf45b68dacfb4ec7563597a902edbaf3c59b50d5bcadd93b1",
    "https://deno.land/std@0.186.0/path/win32.ts": "d186344e5583bcbf8b18af416d13d82b35a317116e6460a5a3953508c3de5bba",
    "https://deno.land/x/crayon@3.3.3/mod.ts": "82ad225583a483c4837577971629cddaa22614093af8353da6426b9366de9780",
    "https://deno.land/x/crayon@3.3.3/src/conversions.ts": "9bfd3b1fbe412bcba092890ac558b6beaad4c3aa399cd99d45fadb324d28afd6",
    "https://deno.land/x/crayon@3.3.3/src/crayon.ts": "6b237baa08a31c903436e040afd2228a7fffaa5d11dddc58e3c402f79b3c1d04",
    "https://deno.land/x/crayon@3.3.3/src/styles.ts": "aa588b57b2c0482dc5c6f53109b4287831a9827c0aeef9a88129beae1172c1ee",
    "https://deno.land/x/crayon@3.3.3/src/util.ts": "af8884a917488de76ac0c2b92482093ade74514ece77a4c64e5eb5b0f6ed68e6",
    "https://deno.land/x/denoflate@1.2.1/mod.ts": "f5628e44b80b3d80ed525afa2ba0f12408e3849db817d47a883b801f9ce69dd6",
    "https://deno.land/x/denoflate@1.2.1/pkg/denoflate.js": "b9f9ad9457d3f12f28b1fb35c555f57443427f74decb403113d67364e4f2caf4",
    "https://deno.land/x/denoflate@1.2.1/pkg/denoflate_bg.wasm.js": "d581956245407a2115a3d7e8d85a9641c032940a8e810acbd59ca86afd34d44d",
    "https://deno.land/x/emit@0.40.0/_utils.ts": "98412edc7aa29e77d592b54fbad00bdec1b05d0c25eb772a5f8edc9813e08d88",
    "https://deno.land/x/emit@0.40.0/emit.generated.js": "65621c730ae9e4e818a3f83913562101dc9a371befbdb44d81e09a1532af5089",
    "https://deno.land/x/emit@0.40.0/mod.ts": "04b1818a60d6f85ca991bc4369634ea55d51388c4154b0100dfbe3c9684e2318",
    "https://deno.land/x/esbuild@v0.20.0/mod.js": "5c6fc2e98424ced3a4159c2f267c6bc62b49906e9dc86f724b3d88a482c55c70",
    "https://deno.land/x/sqlite@v3.8/build/sqlite.js": "72f63689fffcb9bb5ae10b1e8f7db09ea845cdf713e0e3a9693d8416a28f92a6",
    "https://deno.land/x/sqlite@v3.8/build/vfs.js": "08533cc78fb29b9d9bd62f6bb93e5ef333407013fed185776808f11223ba0e70",
    "https://deno.land/x/sqlite@v3.8/mod.ts": "e09fc79d8065fe222578114b109b1fd60077bff1bb75448532077f784f4d6a83",
    "https://deno.land/x/sqlite@v3.8/src/constants.ts": "90f3be047ec0a89bcb5d6fc30db121685fc82cb00b1c476124ff47a4b0472aa9",
    "https://deno.land/x/sqlite@v3.8/src/db.ts": "7d3251021756fa80f382c3952217c7446c5c8c1642b63511da0938fe33562663",
    "https://deno.land/x/sqlite@v3.8/src/error.ts": "f7a15cb00d7c3797da1aefee3cf86d23e0ae92e73f0ba3165496c3816ab9503a",
    "https://deno.land/x/sqlite@v3.8/src/function.ts": "e4c83b8ec64bf88bafad2407376b0c6a3b54e777593c70336fb40d43a79865f2",
    "https://deno.land/x/sqlite@v3.8/src/query.ts": "d58abda928f6582d77bad685ecf551b1be8a15e8e38403e293ec38522e030cad",
    "https://deno.land/x/sqlite@v3.8/src/wasm.ts": "e79d0baa6e42423257fb3c7cc98091c54399254867e0f34a09b5bdef37bd9487",
    "https://esm.sh/@supabase/supabase-js@2.43.4": "b6163f4f90c7018f43fdd9bab1b7ef5bcbb74114352de77dfbc49e53e23a0174",
    "https://esm.sh/preact@10.22.0": "55397119dec12d6ee0c5a3160753851a7ce136f14767bbb1ec0fa511cf82ad16",
    "https://esm.sh/preact@10.22.0/hooks": "94fe12928993c62115b7bad4b2dcc3fa796d741fee12f6c88425ee4ff47cf0e1",
    "https://esm.sh/preact@10.22.0/jsx-runtime": "c6185b52c1673f9d309dd6046051e9b6c034f14858bef62ea2a9fe9ef1ea2201",
    "https://esm.sh/stable/preact@10.22.0/denonext/hooks.js": "09230113132c216bbc3847aaad11289771e088be1b0eb9e49cbc724faaeac205",
    "https://esm.sh/stable/preact@10.22.0/denonext/jsx-runtime.js": "de60943799b1cbe6066c4f83f4ca71ef37011d7f5be7bef58ed980e8ff3f996a",
    "https://esm.sh/stable/preact@10.22.0/denonext/preact.mjs": "20c9563e051dd66e053d3afb450f61b48f2fa0d0ce4f69f8f0a2f23c1ef090da",
    "https://esm.sh/v135/@supabase/auth-js@2.64.2/denonext/auth-js.mjs": "f87ccfa4e23123f7ab122f814fa37ce26c00457a3e32cea718a726d72fec1f37",
    "https://esm.sh/v135/@supabase/functions-js@2.3.1/denonext/functions-js.mjs": "c10a0bbd935fc12cae58918b8e23cb339d54c443983caeb597dd8cd76a76f940",
    "https://esm.sh/v135/@supabase/node-fetch@2.6.15/denonext/node-fetch.mjs": "efad00ea3d4cbe1bee688836ef75339d49a1981bc5728a13e9ad5f26791d5efb",
    "https://esm.sh/v135/@supabase/postgrest-js@1.15.2/denonext/postgrest-js.mjs": "1d36cf3106c6dd6ce21473b57d88478802ceef6d22e67af1f92c508607302e50",
    "https://esm.sh/v135/@supabase/realtime-js@2.9.5/denonext/realtime-js.mjs": "a8648545237fed582a2a01d72d2d9ed9fa28b6adbcba8a844c58cc90d526760d",
    "https://esm.sh/v135/@supabase/storage-js@2.5.5/denonext/storage-js.mjs": "66e29e4e55c7d396503e2d1d9376cfbc34f046b962bce4524c2d80b209fff413",
    "https://esm.sh/v135/@supabase/supabase-js@2.43.4/denonext/supabase-js.mjs": "c720cd318866b1b4301b3048df7db467b24bbccc5e760de43cf36952be4a68a3",
    "https://esm.sh/v135/bufferutil@4.0.8/denonext/bufferutil.mjs": "60a4618cbd1a5cb24935c55590b793d4ecb33862357d32e1d4614a0bbb90947f",
    "https://esm.sh/v135/node-gyp-build@4.6.1/denonext/node-gyp-build.mjs": "5d28b312f145a6cb2ec0dbdd80a7d34c0e0e6b5dcada65411d8bcff6c8991cc6",
    "https://esm.sh/v135/utf-8-validate@6.0.3/denonext/utf-8-validate.mjs": "410c48d66840e987e474a4849cd25829817415cedd25466280effb1287d05aa5",
    "https://esm.sh/v135/ws@8.17.0/denonext/ws.mjs": "098384c6d6b787c4074dae8141a61bfa93a271ccb699b4b426c75141c9ef5560",
    "https://raw.githubusercontent.com/Im-Beast/deno_tui/1468491/mod.ts": "b32347385f2efc7dd90a9e5f6386fded9bde505e3f1c4b07b8509c77206d15a6",
    "https://raw.githubusercontent.com/Im-Beast/deno_tui/1468491/src/canvas/box.ts": "3f6a41af65942b069795d895c2a73d039a83ba35c01b5236ea88d1de65ba3ebf",
    "https://raw.githubusercontent.com/Im-Beast/deno_tui/1468491/src/canvas/canvas.ts": "31daa080882956f19f5bf8a6b52f7a946ebc34bdba103b007ce4e73c2b922409",
    "https://raw.githubusercontent.com/Im-Beast/deno_tui/1468491/src/canvas/draw_object.ts": "2b8a48f10c343aee61d9dc7f00ea7917119ea41374a994e1db7b5b1ee188f0f8",
    "https://raw.githubusercontent.com/Im-Beast/deno_tui/1468491/src/canvas/mod.ts": "9da429bfb1d4f53eed661c3e2a2ae4b610380526597aa5f35a6604b810a83ac7",
    "https://raw.githubusercontent.com/Im-Beast/deno_tui/1468491/src/canvas/text.ts": "e6c0f5ecb985a037e55397810bc212bae206240acd3e2b15fb786ae2746abdea",
    "https://raw.githubusercontent.com/Im-Beast/deno_tui/1468491/src/component.ts": "d7a35cd1a4bc8a6177b047595c86e1df3418b340701e343ee83a08ac7a8005de",
    "https://raw.githubusercontent.com/Im-Beast/deno_tui/1468491/src/components/box.ts": "bc0be923353e6b146dd5275097d5c12606f4e966cf9e1386f5482c2d49320be7",
    "https://raw.githubusercontent.com/Im-Beast/deno_tui/1468491/src/components/button.ts": "90128d9f919a4506c2324a2c49c029f7fb7dd4872ea2b7df45505a01c125d660",
    "https://raw.githubusercontent.com/Im-Beast/deno_tui/1468491/src/components/checkbox.ts": "d185ceb9a3508b62311fb9b553e4da4282932a763c4494e76f1f221afbf95e9c",
    "https://raw.githubusercontent.com/Im-Beast/deno_tui/1468491/src/components/combobox.ts": "3e52c6c41afb12d6721ebe9a2c22cbaa4ccba8f752b018762c866403985eaf33",
    "https://raw.githubusercontent.com/Im-Beast/deno_tui/1468491/src/components/frame.ts": "e2f1a5c67a52a3a06243af461f8418ebf68e3c84c9c3ac6a59d6996e88941d11",
    "https://raw.githubusercontent.com/Im-Beast/deno_tui/1468491/src/components/input.ts": "e1df616d36b2d1df3202947e2cd5176bc9c7b966219db0ed2cc2932a112b8daf",
    "https://raw.githubusercontent.com/Im-Beast/deno_tui/1468491/src/components/label.ts": "c6d82665745a0251f7cfcc50ca96163faf8f82cd4e54fe82f4df9558043d8ef4",
    "https://raw.githubusercontent.com/Im-Beast/deno_tui/1468491/src/components/progressbar.ts": "3e58aa1d00b59149ba6309f4bf23bde6151fcac264ac3294369181cabd9faaba",
    "https://raw.githubusercontent.com/Im-Beast/deno_tui/1468491/src/components/slider.ts": "d88565a13eb9f2c55d1343889f0bb9af525edc1bd200c8ba43b5b174efec9cbe",
    "https://raw.githubusercontent.com/Im-Beast/deno_tui/1468491/src/components/table.ts": "1ef221fa3442f9c619ac3ea63051913b947e379efdf1567d8c611561ecf8a032",
    "https://raw.githubusercontent.com/Im-Beast/deno_tui/1468491/src/components/text.ts": "ea9b427d0bd056cded424bebf73ece62c3b7257651db80b82a51482a801a4f4f",
    "https://raw.githubusercontent.com/Im-Beast/deno_tui/1468491/src/components/textbox.ts": "c8799b13c0fc8ba22d9a0dcf4d8917abf991f73a8e0475ea07c9638eeb524f8d",
    "https://raw.githubusercontent.com/Im-Beast/deno_tui/1468491/src/controls.ts": "e0e91f61a8a73fb044ce980fd3d070407c2f950635cbce73d97f060ef19a780e",
    "https://raw.githubusercontent.com/Im-Beast/deno_tui/1468491/src/event_emitter.ts": "e4ee1de2037c89952c5c4c54dc336b7992024f0cb41c9e49229944e773386824",
    "https://raw.githubusercontent.com/Im-Beast/deno_tui/1468491/src/input.ts": "4ddc4049718847b2f76c2d022b740694ed50f958c2c42bb3a2eacfe0b0d83b0d",
    "https://raw.githubusercontent.com/Im-Beast/deno_tui/1468491/src/input_reader/decoders/keyboard.ts": "70d4f54605a650612601e654bc28a5d4260374a893e27b8a86fe7181cb626377",
    "https://raw.githubusercontent.com/Im-Beast/deno_tui/1468491/src/input_reader/decoders/mouse.ts": "a119c6261a27fb9b5e1711ba3d5161c45eac5615ea0aa739e4e6bca759434e6e",
    "https://raw.githubusercontent.com/Im-Beast/deno_tui/1468491/src/input_reader/mod.ts": "4213a920c69fd51badd1091fe7c61eff1bd1ead32659785c16f976ae377491cc",
    "https://raw.githubusercontent.com/Im-Beast/deno_tui/1468491/src/input_reader/types.ts": "c940a6d656b2fbdc051c2e0508f8eeefa322dd16e60fc6a3bac8d1e9337f7d6c",
    "https://raw.githubusercontent.com/Im-Beast/deno_tui/1468491/src/layout/errors.ts": "3df98a8f7747657fd252f602b26e9b5ee130dbfb236bcb4b2d2c912d7ae1eef9",
    "https://raw.githubusercontent.com/Im-Beast/deno_tui/1468491/src/layout/grid_layout.ts": "7b2fca94d1a074c61d838c36800dca47f518f720c6539a33d0ad674081a29a76",
    "https://raw.githubusercontent.com/Im-Beast/deno_tui/1468491/src/layout/horizontal_layout.ts": "e2ea27519c44c124cb228f19d4b14aa314e7db2cc92ef83fccfa146ced29d4e4",
    "https://raw.githubusercontent.com/Im-Beast/deno_tui/1468491/src/layout/mod.ts": "65381a8dd7e8f6287742ebeffef866ae98932d16daf3ea3325f0180b37e327b8",
    "https://raw.githubusercontent.com/Im-Beast/deno_tui/1468491/src/layout/types.ts": "ebc78ef4adbf802a49f5319474d81183a2b9edc2947443d9f40f23c4730e16f3",
    "https://raw.githubusercontent.com/Im-Beast/deno_tui/1468491/src/layout/vertical_layout.ts": "41f1ec4b897a0f45478b6392f0c74d0c010a74693b99f36f532c85d5525dfca0",
    "https://raw.githubusercontent.com/Im-Beast/deno_tui/1468491/src/signals/computed.ts": "824428cfda7c9e4a6aed8caee32a9aa62cd257fac9e7ca64d54c99a15ea56019",
    "https://raw.githubusercontent.com/Im-Beast/deno_tui/1468491/src/signals/dependency_tracking.ts": "b89e933a912e8c32881e13ba1555201ec22cc0be69600862ff824f72f1bd6d55",
    "https://raw.githubusercontent.com/Im-Beast/deno_tui/1468491/src/signals/effect.ts": "b478ca6469a151e93970679108e01a786b6e121023294d15b7293476161ec049",
    "https://raw.githubusercontent.com/Im-Beast/deno_tui/1468491/src/signals/flusher.ts": "b47eeca9547a39487bef56ab82272f050883474995d5e92191296aec936180cb",
    "https://raw.githubusercontent.com/Im-Beast/deno_tui/1468491/src/signals/lazy_computed.ts": "b4653efd855ce920657510b4cd086c58a8c72be6511465e3234f4e0b134bb9c6",
    "https://raw.githubusercontent.com/Im-Beast/deno_tui/1468491/src/signals/lazy_effect.ts": "b8bdebf29d4b5ae204bc8c0300f03d9c60ff097aef28e0df6515665497b919f0",
    "https://raw.githubusercontent.com/Im-Beast/deno_tui/1468491/src/signals/mod.ts": "e76b1303c74c257956d29f9169f3f12af410a0e8540c7a467e5405ba839cc431",
    "https://raw.githubusercontent.com/Im-Beast/deno_tui/1468491/src/signals/reactivity.ts": "8520655a0b948d979b1b3450139695726c1dfeb46b46d49b8e4159fe4651368d",
    "https://raw.githubusercontent.com/Im-Beast/deno_tui/1468491/src/signals/signal.ts": "5f351000a3316196ac3836fd9f3ef2a708aec85713df720a01c853d4859060be",
    "https://raw.githubusercontent.com/Im-Beast/deno_tui/1468491/src/signals/types.ts": "e04d088a849a58d184c30420fec9ab3726985e3bcbe2cdc1b4bbc218fb299dbe",
    "https://raw.githubusercontent.com/Im-Beast/deno_tui/1468491/src/theme.ts": "87f3da7e6a5bbbeb04c3c5384069225c244bcce0bac833a87828c5208af07cfc",
    "https://raw.githubusercontent.com/Im-Beast/deno_tui/1468491/src/tui.ts": "9b9bb4da296e96aadbe846520446d76570cf6105dcbc3c59e26a4301b4c6d2f4",
    "https://raw.githubusercontent.com/Im-Beast/deno_tui/1468491/src/types.ts": "7e39e8c59a1d28e379e54455dd7d7bb1a349191970d9af8d47a74b590e0de401",
    "https://raw.githubusercontent.com/Im-Beast/deno_tui/1468491/src/utils/ansi_codes.ts": "be83f249ab09d33b64540adda5191c58580d386cc7627b8d10ea3363c9a6d23d",
    "https://raw.githubusercontent.com/Im-Beast/deno_tui/1468491/src/utils/async.ts": "3f3bfe526c05467313237c434bc951a02344935dba61fe7b4e14d818d03ba1ca",
    "https://raw.githubusercontent.com/Im-Beast/deno_tui/1468491/src/utils/component.ts": "a7f5396b480c7ed437c5e08ec56c3e5c85a55963ee8520c2e5cc7a185577f1a3",
    "https://raw.githubusercontent.com/Im-Beast/deno_tui/1468491/src/utils/mod.ts": "4daef102e2406625f32faf08d238b702a26b3dc87232c35e97a215b9dbf9e781",
    "https://raw.githubusercontent.com/Im-Beast/deno_tui/1468491/src/utils/numbers.ts": "9d4322b7a184e111184f37507ccdf0d4a29ee7eb8f2ce8f942f078bd165f8941",
    "https://raw.githubusercontent.com/Im-Beast/deno_tui/1468491/src/utils/signals.ts": "a78893aa2e379468df65045a4d1f45e0111237b24e18c19bf5a92b6ee9074c4a",
    "https://raw.githubusercontent.com/Im-Beast/deno_tui/1468491/src/utils/sorted_array.ts": "d7b55e9c6489102fbee46d632040449f960f2ed3ae0d6bc3326e6d6ec1450d97",
    "https://raw.githubusercontent.com/Im-Beast/deno_tui/1468491/src/utils/strings.ts": "0f7d24072e3d2ed4993f0f2692f148b0af4d9b7a665193dec835101af4dabf7b",
    "https://raw.githubusercontent.com/Im-Beast/deno_tui/1468491/src/view.ts": "77c9dfdb3632f95c2456036c5e30f90cfbbad62cbb4f370cba48b992523aa619",
    "https://raw.githubusercontent.com/Im-Beast/deno_tui/49e7a24/mod.ts": "b32347385f2efc7dd90a9e5f6386fded9bde505e3f1c4b07b8509c77206d15a6",
    "https://raw.githubusercontent.com/Im-Beast/deno_tui/49e7a24/src/canvas/box.ts": "3f6a41af65942b069795d895c2a73d039a83ba35c01b5236ea88d1de65ba3ebf",
    "https://raw.githubusercontent.com/Im-Beast/deno_tui/49e7a24/src/canvas/canvas.ts": "31daa080882956f19f5bf8a6b52f7a946ebc34bdba103b007ce4e73c2b922409",
    "https://raw.githubusercontent.com/Im-Beast/deno_tui/49e7a24/src/canvas/draw_object.ts": "2b8a48f10c343aee61d9dc7f00ea7917119ea41374a994e1db7b5b1ee188f0f8",
    "https://raw.githubusercontent.com/Im-Beast/deno_tui/49e7a24/src/canvas/mod.ts": "9da429bfb1d4f53eed661c3e2a2ae4b610380526597aa5f35a6604b810a83ac7",
    "https://raw.githubusercontent.com/Im-Beast/deno_tui/49e7a24/src/canvas/text.ts": "e6c0f5ecb985a037e55397810bc212bae206240acd3e2b15fb786ae2746abdea",
    "https://raw.githubusercontent.com/Im-Beast/deno_tui/49e7a24/src/component.ts": "d7a35cd1a4bc8a6177b047595c86e1df3418b340701e343ee83a08ac7a8005de",
    "https://raw.githubusercontent.com/Im-Beast/deno_tui/49e7a24/src/components/box.ts": "bc0be923353e6b146dd5275097d5c12606f4e966cf9e1386f5482c2d49320be7",
    "https://raw.githubusercontent.com/Im-Beast/deno_tui/49e7a24/src/components/button.ts": "90128d9f919a4506c2324a2c49c029f7fb7dd4872ea2b7df45505a01c125d660",
    "https://raw.githubusercontent.com/Im-Beast/deno_tui/49e7a24/src/components/checkbox.ts": "d185ceb9a3508b62311fb9b553e4da4282932a763c4494e76f1f221afbf95e9c",
    "https://raw.githubusercontent.com/Im-Beast/deno_tui/49e7a24/src/components/combobox.ts": "3e52c6c41afb12d6721ebe9a2c22cbaa4ccba8f752b018762c866403985eaf33",
    "https://raw.githubusercontent.com/Im-Beast/deno_tui/49e7a24/src/components/frame.ts": "e2f1a5c67a52a3a06243af461f8418ebf68e3c84c9c3ac6a59d6996e88941d11",
    "https://raw.githubusercontent.com/Im-Beast/deno_tui/49e7a24/src/components/input.ts": "e1df616d36b2d1df3202947e2cd5176bc9c7b966219db0ed2cc2932a112b8daf",
    "https://raw.githubusercontent.com/Im-Beast/deno_tui/49e7a24/src/components/label.ts": "c6d82665745a0251f7cfcc50ca96163faf8f82cd4e54fe82f4df9558043d8ef4",
    "https://raw.githubusercontent.com/Im-Beast/deno_tui/49e7a24/src/components/progressbar.ts": "3e58aa1d00b59149ba6309f4bf23bde6151fcac264ac3294369181cabd9faaba",
    "https://raw.githubusercontent.com/Im-Beast/deno_tui/49e7a24/src/components/slider.ts": "d88565a13eb9f2c55d1343889f0bb9af525edc1bd200c8ba43b5b174efec9cbe",
    "https://raw.githubusercontent.com/Im-Beast/deno_tui/49e7a24/src/components/table.ts": "4c833e62365bc8496045ef49373ed812f03b43e7c8e46365c0c77d233bc3a4cf",
    "https://raw.githubusercontent.com/Im-Beast/deno_tui/49e7a24/src/components/text.ts": "ea9b427d0bd056cded424bebf73ece62c3b7257651db80b82a51482a801a4f4f",
    "https://raw.githubusercontent.com/Im-Beast/deno_tui/49e7a24/src/components/textbox.ts": "c8799b13c0fc8ba22d9a0dcf4d8917abf991f73a8e0475ea07c9638eeb524f8d",
    "https://raw.githubusercontent.com/Im-Beast/deno_tui/49e7a24/src/controls.ts": "1dc43bb0a98ab49d9a139daa27277928d5c507a68191b417f581467b8634f5f7",
    "https://raw.githubusercontent.com/Im-Beast/deno_tui/49e7a24/src/event_emitter.ts": "e4ee1de2037c89952c5c4c54dc336b7992024f0cb41c9e49229944e773386824",
    "https://raw.githubusercontent.com/Im-Beast/deno_tui/49e7a24/src/input.ts": "4ddc4049718847b2f76c2d022b740694ed50f958c2c42bb3a2eacfe0b0d83b0d",
    "https://raw.githubusercontent.com/Im-Beast/deno_tui/49e7a24/src/input_reader/decoders/keyboard.ts": "70d4f54605a650612601e654bc28a5d4260374a893e27b8a86fe7181cb626377",
    "https://raw.githubusercontent.com/Im-Beast/deno_tui/49e7a24/src/input_reader/decoders/mouse.ts": "a119c6261a27fb9b5e1711ba3d5161c45eac5615ea0aa739e4e6bca759434e6e",
    "https://raw.githubusercontent.com/Im-Beast/deno_tui/49e7a24/src/input_reader/mod.ts": "4213a920c69fd51badd1091fe7c61eff1bd1ead32659785c16f976ae377491cc",
    "https://raw.githubusercontent.com/Im-Beast/deno_tui/49e7a24/src/input_reader/types.ts": "c940a6d656b2fbdc051c2e0508f8eeefa322dd16e60fc6a3bac8d1e9337f7d6c",
    "https://raw.githubusercontent.com/Im-Beast/deno_tui/49e7a24/src/layout/errors.ts": "3df98a8f7747657fd252f602b26e9b5ee130dbfb236bcb4b2d2c912d7ae1eef9",
    "https://raw.githubusercontent.com/Im-Beast/deno_tui/49e7a24/src/layout/grid_layout.ts": "7b2fca94d1a074c61d838c36800dca47f518f720c6539a33d0ad674081a29a76",
    "https://raw.githubusercontent.com/Im-Beast/deno_tui/49e7a24/src/layout/horizontal_layout.ts": "e2ea27519c44c124cb228f19d4b14aa314e7db2cc92ef83fccfa146ced29d4e4",
    "https://raw.githubusercontent.com/Im-Beast/deno_tui/49e7a24/src/layout/mod.ts": "65381a8dd7e8f6287742ebeffef866ae98932d16daf3ea3325f0180b37e327b8",
    "https://raw.githubusercontent.com/Im-Beast/deno_tui/49e7a24/src/layout/types.ts": "ebc78ef4adbf802a49f5319474d81183a2b9edc2947443d9f40f23c4730e16f3",
    "https://raw.githubusercontent.com/Im-Beast/deno_tui/49e7a24/src/layout/vertical_layout.ts": "41f1ec4b897a0f45478b6392f0c74d0c010a74693b99f36f532c85d5525dfca0",
    "https://raw.githubusercontent.com/Im-Beast/deno_tui/49e7a24/src/signals/computed.ts": "824428cfda7c9e4a6aed8caee32a9aa62cd257fac9e7ca64d54c99a15ea56019",
    "https://raw.githubusercontent.com/Im-Beast/deno_tui/49e7a24/src/signals/dependency_tracking.ts": "b89e933a912e8c32881e13ba1555201ec22cc0be69600862ff824f72f1bd6d55",
    "https://raw.githubusercontent.com/Im-Beast/deno_tui/49e7a24/src/signals/effect.ts": "b478ca6469a151e93970679108e01a786b6e121023294d15b7293476161ec049",
    "https://raw.githubusercontent.com/Im-Beast/deno_tui/49e7a24/src/signals/flusher.ts": "b47eeca9547a39487bef56ab82272f050883474995d5e92191296aec936180cb",
    "https://raw.githubusercontent.com/Im-Beast/deno_tui/49e7a24/src/signals/lazy_computed.ts": "b4653efd855ce920657510b4cd086c58a8c72be6511465e3234f4e0b134bb9c6",
    "https://raw.githubusercontent.com/Im-Beast/deno_tui/49e7a24/src/signals/lazy_effect.ts": "b8bdebf29d4b5ae204bc8c0300f03d9c60ff097aef28e0df6515665497b919f0",
    "https://raw.githubusercontent.com/Im-Beast/deno_tui/49e7a24/src/signals/mod.ts": "e76b1303c74c257956d29f9169f3f12af410a0e8540c7a467e5405ba839cc431",
    "https://raw.githubusercontent.com/Im-Beast/deno_tui/49e7a24/src/signals/reactivity.ts": "935305443e367b581a88e12f3bae48b6844e66d61a0ad70e35f616cdce524453",
    "https://raw.githubusercontent.com/Im-Beast/deno_tui/49e7a24/src/signals/signal.ts": "5f351000a3316196ac3836fd9f3ef2a708aec85713df720a01c853d4859060be",
    "https://raw.githubusercontent.com/Im-Beast/deno_tui/49e7a24/src/signals/types.ts": "e04d088a849a58d184c30420fec9ab3726985e3bcbe2cdc1b4bbc218fb299dbe",
    "https://raw.githubusercontent.com/Im-Beast/deno_tui/49e7a24/src/theme.ts": "87f3da7e6a5bbbeb04c3c5384069225c244bcce0bac833a87828c5208af07cfc",
    "https://raw.githubusercontent.com/Im-Beast/deno_tui/49e7a24/src/tui.ts": "d6c2b71aabd20f2673d5338bef3c310c322dc8e696850ce26b7519efee3e960b",
    "https://raw.githubusercontent.com/Im-Beast/deno_tui/49e7a24/src/types.ts": "7e39e8c59a1d28e379e54455dd7d7bb1a349191970d9af8d47a74b590e0de401",
    "https://raw.githubusercontent.com/Im-Beast/deno_tui/49e7a24/src/utils/ansi_codes.ts": "be83f249ab09d33b64540adda5191c58580d386cc7627b8d10ea3363c9a6d23d",
    "https://raw.githubusercontent.com/Im-Beast/deno_tui/49e7a24/src/utils/async.ts": "3f3bfe526c05467313237c434bc951a02344935dba61fe7b4e14d818d03ba1ca",
    "https://raw.githubusercontent.com/Im-Beast/deno_tui/49e7a24/src/utils/component.ts": "a7f5396b480c7ed437c5e08ec56c3e5c85a55963ee8520c2e5cc7a185577f1a3",
    "https://raw.githubusercontent.com/Im-Beast/deno_tui/49e7a24/src/utils/mod.ts": "4daef102e2406625f32faf08d238b702a26b3dc87232c35e97a215b9dbf9e781",
    "https://raw.githubusercontent.com/Im-Beast/deno_tui/49e7a24/src/utils/numbers.ts": "9d4322b7a184e111184f37507ccdf0d4a29ee7eb8f2ce8f942f078bd165f8941",
    "https://raw.githubusercontent.com/Im-Beast/deno_tui/49e7a24/src/utils/signals.ts": "a78893aa2e379468df65045a4d1f45e0111237b24e18c19bf5a92b6ee9074c4a",
    "https://raw.githubusercontent.com/Im-Beast/deno_tui/49e7a24/src/utils/sorted_array.ts": "d7b55e9c6489102fbee46d632040449f960f2ed3ae0d6bc3326e6d6ec1450d97",
    "https://raw.githubusercontent.com/Im-Beast/deno_tui/49e7a24/src/utils/strings.ts": "6eff09ec0cf58aee239df3ca41d55f22694cdb4bc73b213a9066f11b65218419",
    "https://raw.githubusercontent.com/Im-Beast/deno_tui/49e7a24/src/view.ts": "77c9dfdb3632f95c2456036c5e30f90cfbbad62cbb4f370cba48b992523aa619",
    "https://raw.githubusercontent.com/agorushkin/http-server/424fd0f/lib/event.ts": "1c0b1e348cffd2a9bc250e5b05a0492953c9d9e4e1f10a2b341914c7c4c46512",
    "https://raw.githubusercontent.com/agorushkin/http-server/424fd0f/lib/router.ts": "402b6c0295be0a4602ffa8df2885d7a6149c205bf65417ae7787221c219bb3eb",
    "https://raw.githubusercontent.com/agorushkin/http-server/424fd0f/lib/server.ts": "e8e5e82928bd732d6a8ae76a36c159beffd36b448aba8251d7ee4689d7078eaf",
    "https://raw.githubusercontent.com/agorushkin/http-server/424fd0f/lib/utils/broadcaster.ts": "089b3c020c682ab8febec3b2d4d66a0247150b7496abd5612a57ceff36bd0e09",
    "https://raw.githubusercontent.com/agorushkin/http-server/424fd0f/lib/utils/extension.ts": "c5c567ad479b992a8efd35d98439b0388e741427a0571cad781add67b4f482e7",
    "https://raw.githubusercontent.com/agorushkin/http-server/424fd0f/lib/utils/file.ts": "90c37607beae9d8336156c51afaa7e2940c199831745a6149aabb26ae79b1fdc",
    "https://raw.githubusercontent.com/agorushkin/http-server/424fd0f/lib/utils/mime-types.ts": "1608cba4be5b0ca4a1654a69c79b63f1372abf9a5d6064adecbb2390028369e1",
    "https://raw.githubusercontent.com/agorushkin/http-server/424fd0f/lib/utils/serve.ts": "13740ac64b5db517e5e82b386e057b1847729c34c2ba1586cdf4bb455d6ce963",
    "https://raw.githubusercontent.com/agorushkin/http-server/424fd0f/mod.ts": "f143861af2668cb827398997c707c69493f0ed086eb0c864b4925c4f304cc1d9",
    "https://raw.githubusercontent.com/agorushkin/http-server/737579a/lib/event.ts": "3c49ac1746c5296f666bca8c86ccb355ad63706d3e8316df51752398d53b501d",
    "https://raw.githubusercontent.com/agorushkin/http-server/737579a/lib/router.ts": "402b6c0295be0a4602ffa8df2885d7a6149c205bf65417ae7787221c219bb3eb",
    "https://raw.githubusercontent.com/agorushkin/http-server/737579a/lib/server.ts": "e8e5e82928bd732d6a8ae76a36c159beffd36b448aba8251d7ee4689d7078eaf",
    "https://raw.githubusercontent.com/agorushkin/http-server/737579a/lib/utils/broadcaster.ts": "089b3c020c682ab8febec3b2d4d66a0247150b7496abd5612a57ceff36bd0e09",
    "https://raw.githubusercontent.com/agorushkin/http-server/737579a/lib/utils/extension.ts": "c5c567ad479b992a8efd35d98439b0388e741427a0571cad781add67b4f482e7",
    "https://raw.githubusercontent.com/agorushkin/http-server/737579a/lib/utils/file.ts": "4c558dd0d8cf28cf7d1e4d9ce6dafb8e6d79edb67f3c154d17aac32513d7cb0f",
    "https://raw.githubusercontent.com/agorushkin/http-server/737579a/lib/utils/mime-types.ts": "1608cba4be5b0ca4a1654a69c79b63f1372abf9a5d6064adecbb2390028369e1",
    "https://raw.githubusercontent.com/agorushkin/http-server/737579a/lib/utils/serve.ts": "9e6f0edcd1520ba954de4c1c829e464639b5fa53e595c151a824af84c25040ee",
    "https://raw.githubusercontent.com/agorushkin/http-server/737579a/mod.ts": "f143861af2668cb827398997c707c69493f0ed086eb0c864b4925c4f304cc1d9",
    "https://raw.githubusercontent.com/agorushkin/http-server/78d008b/lib/event.ts": "401df0482d1b39687aa071569f771789d1338f464e5b955cd3a1e07dc21d5243",
    "https://raw.githubusercontent.com/agorushkin/http-server/78d008b/lib/router.ts": "402b6c0295be0a4602ffa8df2885d7a6149c205bf65417ae7787221c219bb3eb",
    "https://raw.githubusercontent.com/agorushkin/http-server/78d008b/lib/server.ts": "e8e5e82928bd732d6a8ae76a36c159beffd36b448aba8251d7ee4689d7078eaf",
    "https://raw.githubusercontent.com/agorushkin/http-server/78d008b/lib/utils/broadcaster.ts": "089b3c020c682ab8febec3b2d4d66a0247150b7496abd5612a57ceff36bd0e09",
    "https://raw.githubusercontent.com/agorushkin/http-server/78d008b/lib/utils/extension.ts": "c5c567ad479b992a8efd35d98439b0388e741427a0571cad781add67b4f482e7",
    "https://raw.githubusercontent.com/agorushkin/http-server/78d008b/lib/utils/file.ts": "90c37607beae9d8336156c51afaa7e2940c199831745a6149aabb26ae79b1fdc",
    "https://raw.githubusercontent.com/agorushkin/http-server/78d008b/lib/utils/mime-types.ts": "1608cba4be5b0ca4a1654a69c79b63f1372abf9a5d6064adecbb2390028369e1",
    "https://raw.githubusercontent.com/agorushkin/http-server/78d008b/lib/utils/serve.ts": "13740ac64b5db517e5e82b386e057b1847729c34c2ba1586cdf4bb455d6ce963",
    "https://raw.githubusercontent.com/agorushkin/http-server/78d008b/mod.ts": "f143861af2668cb827398997c707c69493f0ed086eb0c864b4925c4f304cc1d9",
    "https://raw.githubusercontent.com/agorushkin/http-server/9f25cd/lib/event.ts": "d0f26b054c5a96075a2e86f4377a53bbc7ae5dc99e3cbdad1060a4637db49b4d",
    "https://raw.githubusercontent.com/agorushkin/http-server/9f25cd/lib/router.ts": "402b6c0295be0a4602ffa8df2885d7a6149c205bf65417ae7787221c219bb3eb",
    "https://raw.githubusercontent.com/agorushkin/http-server/9f25cd/lib/server.ts": "a80833804c929c6e9d60e55337fbdcbcdff239aa5a4688c6d6ca633770eab82e",
    "https://raw.githubusercontent.com/agorushkin/http-server/9f25cd/lib/utils/broadcaster.ts": "089b3c020c682ab8febec3b2d4d66a0247150b7496abd5612a57ceff36bd0e09",
    "https://raw.githubusercontent.com/agorushkin/http-server/9f25cd/lib/utils/extension.ts": "c5c567ad479b992a8efd35d98439b0388e741427a0571cad781add67b4f482e7",
    "https://raw.githubusercontent.com/agorushkin/http-server/9f25cd/lib/utils/file.ts": "4c558dd0d8cf28cf7d1e4d9ce6dafb8e6d79edb67f3c154d17aac32513d7cb0f",
    "https://raw.githubusercontent.com/agorushkin/http-server/9f25cd/lib/utils/mime-types.ts": "1608cba4be5b0ca4a1654a69c79b63f1372abf9a5d6064adecbb2390028369e1",
    "https://raw.githubusercontent.com/agorushkin/http-server/9f25cd/lib/utils/serve.ts": "9e6f0edcd1520ba954de4c1c829e464639b5fa53e595c151a824af84c25040ee",
    "https://raw.githubusercontent.com/agorushkin/http-server/9f25cd/mod.ts": "f143861af2668cb827398997c707c69493f0ed086eb0c864b4925c4f304cc1d9",
    "https://raw.githubusercontent.com/agorushkin/http-server/ae931e4/lib/event.ts": "b667e21033cb93d2f646f416152953d7a469c4c00d9163e4e57a32792fd7a0a5",
    "https://raw.githubusercontent.com/agorushkin/http-server/ae931e4/lib/router.ts": "402b6c0295be0a4602ffa8df2885d7a6149c205bf65417ae7787221c219bb3eb",
    "https://raw.githubusercontent.com/agorushkin/http-server/ae931e4/lib/server.ts": "e8e5e82928bd732d6a8ae76a36c159beffd36b448aba8251d7ee4689d7078eaf",
    "https://raw.githubusercontent.com/agorushkin/http-server/ae931e4/lib/utils/broadcaster.ts": "089b3c020c682ab8febec3b2d4d66a0247150b7496abd5612a57ceff36bd0e09",
    "https://raw.githubusercontent.com/agorushkin/http-server/ae931e4/lib/utils/extension.ts": "c5c567ad479b992a8efd35d98439b0388e741427a0571cad781add67b4f482e7",
    "https://raw.githubusercontent.com/agorushkin/http-server/ae931e4/lib/utils/file.ts": "4c558dd0d8cf28cf7d1e4d9ce6dafb8e6d79edb67f3c154d17aac32513d7cb0f",
    "https://raw.githubusercontent.com/agorushkin/http-server/ae931e4/lib/utils/mime-types.ts": "1608cba4be5b0ca4a1654a69c79b63f1372abf9a5d6064adecbb2390028369e1",
    "https://raw.githubusercontent.com/agorushkin/http-server/ae931e4/lib/utils/serve.ts": "9e6f0edcd1520ba954de4c1c829e464639b5fa53e595c151a824af84c25040ee",
    "https://raw.githubusercontent.com/agorushkin/http-server/ae931e4/mod.ts": "f143861af2668cb827398997c707c69493f0ed086eb0c864b4925c4f304cc1d9",
    "https://raw.githubusercontent.com/agorushkin/http-server/d419ec1/lib/event.ts": "dede307140a7ab8365c7ba8566a4abcf91cb7d74dd5867d78d7f04c4d0a036ee",
    "https://raw.githubusercontent.com/agorushkin/http-server/d419ec1/lib/router.ts": "402b6c0295be0a4602ffa8df2885d7a6149c205bf65417ae7787221c219bb3eb",
    "https://raw.githubusercontent.com/agorushkin/http-server/d419ec1/lib/server.ts": "e8e5e82928bd732d6a8ae76a36c159beffd36b448aba8251d7ee4689d7078eaf",
    "https://raw.githubusercontent.com/agorushkin/http-server/d419ec1/lib/utils/broadcaster.ts": "089b3c020c682ab8febec3b2d4d66a0247150b7496abd5612a57ceff36bd0e09",
    "https://raw.githubusercontent.com/agorushkin/http-server/d419ec1/lib/utils/extension.ts": "c5c567ad479b992a8efd35d98439b0388e741427a0571cad781add67b4f482e7",
    "https://raw.githubusercontent.com/agorushkin/http-server/d419ec1/lib/utils/file.ts": "90c37607beae9d8336156c51afaa7e2940c199831745a6149aabb26ae79b1fdc",
    "https://raw.githubusercontent.com/agorushkin/http-server/d419ec1/lib/utils/mime-types.ts": "1608cba4be5b0ca4a1654a69c79b63f1372abf9a5d6064adecbb2390028369e1",
    "https://raw.githubusercontent.com/agorushkin/http-server/d419ec1/lib/utils/serve.ts": "13740ac64b5db517e5e82b386e057b1847729c34c2ba1586cdf4bb455d6ce963",
    "https://raw.githubusercontent.com/agorushkin/http-server/d419ec1/mod.ts": "f143861af2668cb827398997c707c69493f0ed086eb0c864b4925c4f304cc1d9",
    "https://raw.githubusercontent.com/agorushkin/http-server/ef6e298/lib/event.ts": "f2473c98105081cc3330e2ef75901bdbca3c25a848e2203aa55ea2682f55c14e",
    "https://raw.githubusercontent.com/agorushkin/http-server/ef6e298/lib/router.ts": "402b6c0295be0a4602ffa8df2885d7a6149c205bf65417ae7787221c219bb3eb",
    "https://raw.githubusercontent.com/agorushkin/http-server/ef6e298/lib/server.ts": "a80833804c929c6e9d60e55337fbdcbcdff239aa5a4688c6d6ca633770eab82e",
    "https://raw.githubusercontent.com/agorushkin/http-server/ef6e298/lib/utils/broadcaster.ts": "089b3c020c682ab8febec3b2d4d66a0247150b7496abd5612a57ceff36bd0e09",
    "https://raw.githubusercontent.com/agorushkin/http-server/ef6e298/lib/utils/extension.ts": "c5c567ad479b992a8efd35d98439b0388e741427a0571cad781add67b4f482e7",
    "https://raw.githubusercontent.com/agorushkin/http-server/ef6e298/lib/utils/file.ts": "4c558dd0d8cf28cf7d1e4d9ce6dafb8e6d79edb67f3c154d17aac32513d7cb0f",
    "https://raw.githubusercontent.com/agorushkin/http-server/ef6e298/lib/utils/mime-types.ts": "1608cba4be5b0ca4a1654a69c79b63f1372abf9a5d6064adecbb2390028369e1",
    "https://raw.githubusercontent.com/agorushkin/http-server/ef6e298/lib/utils/serve.ts": "9e6f0edcd1520ba954de4c1c829e464639b5fa53e595c151a824af84c25040ee",
    "https://raw.githubusercontent.com/agorushkin/http-server/ef6e298/mod.ts": "f143861af2668cb827398997c707c69493f0ed086eb0c864b4925c4f304cc1d9",
    "https://raw.githubusercontent.com/crayon-js/crayon/68123ba/main.ts": "d2df2ecb04dd96a0ddf72f51b363aebd07fc0c83a8942dd2596656de37cd7b77",
    "https://raw.githubusercontent.com/crayon-js/crayon/68123ba/src/base.ts": "08aab47230d9d03f320b3ae936c6c491877d1edbb6112f890790e5944a2bc3fc",
    "https://raw.githubusercontent.com/crayon-js/crayon/68123ba/src/crayon.ts": "43af4fd9d29385be48fe2cf62d10fe3cfb13c8e9fd1db1481e48cc17568a452f",
    "https://raw.githubusercontent.com/crayon-js/crayon/68123ba/src/extend.ts": "f72862332bd15e80301dff4d75d8e7e277837edd0fecd2db9410dbd84e7189db",
    "https://raw.githubusercontent.com/crayon-js/crayon/68123ba/src/styles/attributes.ts": "8004d4129ed34f21cb9ac014f9836b183730f5cf3cb75ff5e6c0bc24165c8412",
    "https://raw.githubusercontent.com/crayon-js/crayon/68123ba/src/styles/base_colors.ts": "e0ad1bc8f055b135cbc21e1f3bced505c3f3c6599355a258be5f9145f9586059",
    "https://raw.githubusercontent.com/crayon-js/crayon/68123ba/src/styles/conversions.ts": "7cd4f6c985eb692449ac3a832c1791257f2bbef2e9367e42af94e8f18a357a73",
    "https://raw.githubusercontent.com/crayon-js/crayon/68123ba/src/styles/methods.ts": "064c28baa199067e55c646c292b20ff941d097ddff2b5e8dae28e72e108da200",
    "https://raw.githubusercontent.com/crayon-js/crayon/68123ba/src/styles/styles.ts": "bb76e0b37ccc51e6c355a1b7073a96457a78aa5fc1541acbbf334217022ca92c",
    "https://raw.githubusercontent.com/crayon-js/crayon/68123ba/src/utils/capitalize.ts": "738a95afdcc6948cf3d58e4dd7614f3dea111df2d75509f6e057d0e2158db421",
    "https://raw.githubusercontent.com/crayon-js/crayon/68123ba/src/utils/strings.ts": "66de42e390c531502b83f9b3804ec066a954e1288275049c733efe8d846197a8",
    "https://raw.githubusercontent.com/denodrivers/sqlite3/f638023/deno.json": "0f11badf5e5fd47327d9ac35028939d6af9d3d571c1b495d861152578e638e32",
    "https://raw.githubusercontent.com/denodrivers/sqlite3/f638023/deps.ts": "d2f23a4489d27ed7ba1f601b86a85ff488a87603e4be7a15f3ea15154fc288ec",
    "https://raw.githubusercontent.com/denodrivers/sqlite3/f638023/mod.ts": "3169f246c0eddd6ed82862758f4109f167b7ba5538236240fbb26a129f1bc16c",
    "https://raw.githubusercontent.com/denodrivers/sqlite3/f638023/src/blob.ts": "3681353b3c97bc43f9b02f8d1c3269c0dc4eb9cb5d3af16c7ce4d1e1ec7507c4",
    "https://raw.githubusercontent.com/denodrivers/sqlite3/f638023/src/constants.ts": "85fd27aa6e199093f25f5f437052e16fd0e0870b96ca9b24a98e04ddc8b7d006",
    "https://raw.githubusercontent.com/denodrivers/sqlite3/f638023/src/database.ts": "063281b9b4340c781ba611cb5fef7ab0fc885cb87ed4c8ec123fd772e0da5f8b",
    "https://raw.githubusercontent.com/denodrivers/sqlite3/f638023/src/ffi.ts": "aaa0ef1a117aae5c15fdf8d5afba03ee17f613fcfedf2c6505d3c22de28f024e",
    "https://raw.githubusercontent.com/denodrivers/sqlite3/f638023/src/statement.ts": "6b06ed408f72b8cce093823fde1acfbcda7c1ba3fe3dcc5044f5651179f428bb",
    "https://raw.githubusercontent.com/denodrivers/sqlite3/f638023/src/util.ts": "c6604183d2ec5fb17fa0a018572ed5f2317b319dbd7bf48d88a5d06ff25b2cc3",
    "https://raw.githubusercontent.com/dyedgreen/deno-sqlite/489e669/build/sqlite.js": "a69d189f528e3b24b40f830b1df141769a8a16b221c04d382f071b34db50c69c",
    "https://raw.githubusercontent.com/dyedgreen/deno-sqlite/489e669/build/vfs.js": "08533cc78fb29b9d9bd62f6bb93e5ef333407013fed185776808f11223ba0e70",
    "https://raw.githubusercontent.com/dyedgreen/deno-sqlite/489e669/mod.ts": "e09fc79d8065fe222578114b109b1fd60077bff1bb75448532077f784f4d6a83",
    "https://raw.githubusercontent.com/dyedgreen/deno-sqlite/489e669/src/constants.ts": "90f3be047ec0a89bcb5d6fc30db121685fc82cb00b1c476124ff47a4b0472aa9",
    "https://raw.githubusercontent.com/dyedgreen/deno-sqlite/489e669/src/db.ts": "c9885d87e11eb1c43af910b5e1f8c6096779131fee8af7de25a1f40b6c79e9f1",
    "https://raw.githubusercontent.com/dyedgreen/deno-sqlite/489e669/src/error.ts": "f7a15cb00d7c3797da1aefee3cf86d23e0ae92e73f0ba3165496c3816ab9503a",
    "https://raw.githubusercontent.com/dyedgreen/deno-sqlite/489e669/src/function.ts": "e4c83b8ec64bf88bafad2407376b0c6a3b54e777593c70336fb40d43a79865f2",
    "https://raw.githubusercontent.com/dyedgreen/deno-sqlite/489e669/src/query.ts": "69895232360b4254a8834e3bbea30bc3752cf691dba862f4a393e7a41a2e30eb",
    "https://raw.githubusercontent.com/dyedgreen/deno-sqlite/489e669/src/wasm.ts": "e79d0baa6e42423257fb3c7cc98091c54399254867e0f34a09b5bdef37bd9487",
    "https://raw.githubusercontent.com/webview/webview_deno/f60700d/deno.json": "4651eca7ce6639d14b7bfb28e940f6e118e915a8003757193da2d9e9f47defc7",
    "https://raw.githubusercontent.com/webview/webview_deno/f60700d/mod.ts": "281b770b148b97ad17f675e7a1dff9f5d13b879d08c611c133391d5a45a791c0",
    "https://raw.githubusercontent.com/webview/webview_deno/f60700d/src/ffi.ts": "dd400b260e6a05cc04c28fe547c63648219f24167fd3cd568c0c538ae0ce11fd",
    "https://raw.githubusercontent.com/webview/webview_deno/f60700d/src/webview.ts": "2424c56cb5abf7c8a42ad6d80243dd091655e7fe684f6beb8dbc4bd97af1c80b"
  },
  "workspace": {
    "dependencies": [
      "jsr:@webview/webview"
    ]
  }
}
